github.com/aead/chacha20 v0.0.0-20180709150244-8b13a72661da h1:KjTM2ks9d14ZYCvmHS9iAKVt9AyzRSqNU1qabPih5BY=
github.com/aead/chacha20 v0.0.0-20180709150244-8b13a72661da/go.mod h1:eHEWzANqSiWQsof+nXEI9bUVUyV6F53Fp89EuCh2EAA=
github.com/codahale/chacha20 v0.0.0-20151107025005-ec07b4f69a3f h1:GnkFLgLBj4MDb+UdR1yFlznatawt2U7tEGF1HCwcMSs=
github.com/codahale/chacha20 v0.0.0-20151107025005-ec07b4f69a3f/go.mod h1:2EU+1emidIWL7uTbVXfPFlgYxYo3TGHz+ElH1Tp5GT0=
github.com/shadowsocks/shadowsocks-go v0.0.0-20200409064450-3e585ff90601 h1:XU9hik0exChEmY92ALW4l9WnDodxLVS9yOSNh2SizaQ=
github.com/shadowsocks/shadowsocks-go v0.0.0-20200409064450-3e585ff90601/go.mod h1:mttDPaeLm87u74HMrP+n2tugXvIKWcwff/cqSX0lehY=
github.com/takama/daemon v0.11.0 h1:6axxBnHV48vrsT9OZrrJ8tuwMEa6fNsTAHaS1Cd4vyY=
github.com/takama/daemon v0.11.0/go.mod h1:So5Nv647d/sgbZNAfiWtw6egowH8vNNrPXAwooWeElk=
golang.org/x/crypto v0.0.0-20190308221718-c2843e01d9a2/go.mod h1:djNgcEr1/C05ACkg1iLfiJU5Ep61QUkGW8qpdssI0+w=
golang.org/x/crypto v0.0.0-20201117144127-c1f2f97bffc9 h1:phUcVbl53swtrUN8kQEXFhUxPlIlWyBfKmidCu7P95o=
golang.org/x/crypto v0.0.0-20201117144127-c1f2f97bffc9/go.mod h1:jdWPYTVW3xRLrWPugEBEK3UY2ZEsg3UU495nc5E+M+I=
golang.org/x/net v0.0.0-20190404232315-eb5bcb51f2a3/go.mod h1:t9HGtf8HONx5eT2rtn7q6eTqICYqUVnKs3thJo3Qplg=
golang.org/x/sys v0.0.0-20190215142949-d0b11bdaac8a/go.mod h1:STP8DvDyc/dI5b8T5hshtkjS+E42TnysNCUPdjciGhY=
golang.org/x/sys v0.0.0-20191026070338-33540a1f6037 h1:YyJpGZS1sBuBCzLAR1VEpK193GlqGZbnPFnPV/5Rsb4=
golang.org/x/sys v0.0.0-20191026070338-33540a1f6037/go.mod h1:h1NjWce9XRLGQEsW7wpKNCjG9DtNlClVuFLEZdDNbEs=
golang.org/x/term v0.0.0-20201117132131-f5c789dd3221/go.mod h1:Nr5EML6q2oocZ2LXRh80K7BxOlk5/8JxuGnuhpl+muw=
golang.org/x/text v0.3.0/go.mod h1:NqM8EUOU14njkJ3fqMW+pc6Ldnwhi/IjpwHt7yyuwOQ=
